// !$*UTF8*$!
{
	archiveVersion = 1;
	classes = {
	};
	objectVersion = 51;
	objects = {

/* Begin PBXBuildFile section */
		4D0AD47923BE9B1F00C8A8B6 /* NetworkManager.swift in Sources */ = {isa = PBXBuildFile; fileRef = 4D0AD47823BE9B1F00C8A8B6 /* NetworkManager.swift */; };
		4D0AD47B23BFCC0300C8A8B6 /* Toast.swift in Sources */ = {isa = PBXBuildFile; fileRef = 4D0AD47A23BFCC0300C8A8B6 /* Toast.swift */; };
		4D10355C237D76C4004AD267 /* HomePageResponse.swift in Sources */ = {isa = PBXBuildFile; fileRef = 4D10355B237D76C4004AD267 /* HomePageResponse.swift */; };
		4D10355E237D771D004AD267 /* homepage_example_response.json in Resources */ = {isa = PBXBuildFile; fileRef = 4D10355D237D771D004AD267 /* homepage_example_response.json */; };
		4D32C7C923AFB48300843144 /* detailpage_example_response.json in Resources */ = {isa = PBXBuildFile; fileRef = 4D32C7C823AFB48300843144 /* detailpage_example_response.json */; };
		4D8BF62A23912162008D9EE8 /* ChartTableViewCell.swift in Sources */ = {isa = PBXBuildFile; fileRef = 4D8BF62823912162008D9EE8 /* ChartTableViewCell.swift */; };
		4D8BF62B23912162008D9EE8 /* ChartTableViewCell.xib in Resources */ = {isa = PBXBuildFile; fileRef = 4D8BF62923912162008D9EE8 /* ChartTableViewCell.xib */; };
		4D8BF62D239133E3008D9EE8 /* history_example_response.json in Resources */ = {isa = PBXBuildFile; fileRef = 4D8BF62C239133E3008D9EE8 /* history_example_response.json */; };
		4D8BF62F2391344D008D9EE8 /* HistoryResponse.swift in Sources */ = {isa = PBXBuildFile; fileRef = 4D8BF62E2391344D008D9EE8 /* HistoryResponse.swift */; };
		4D8BF631239138C9008D9EE8 /* ChartTimeFormatter.swift in Sources */ = {isa = PBXBuildFile; fileRef = 4D8BF630239138C9008D9EE8 /* ChartTimeFormatter.swift */; };
		4D90ED15238435AD008CAD78 /* UIColor+Additions.swift in Sources */ = {isa = PBXBuildFile; fileRef = 4D90ED14238435AD008CAD78 /* UIColor+Additions.swift */; };
		4DA6F74823D4913D0035F503 /* EditPlantFormViewController.swift in Sources */ = {isa = PBXBuildFile; fileRef = 4DA6F74723D4913D0035F503 /* EditPlantFormViewController.swift */; };
		4DCA5B6623AFAEC900B169A4 /* DetailViewController.swift in Sources */ = {isa = PBXBuildFile; fileRef = 4DCA5B6523AFAEC900B169A4 /* DetailViewController.swift */; };
		4DCA5B6823AFAF9200B169A4 /* DetailPageResponse.swift in Sources */ = {isa = PBXBuildFile; fileRef = 4DCA5B6723AFAF9200B169A4 /* DetailPageResponse.swift */; };
		4DF23374237C5FA900DE49D7 /* AppDelegate.swift in Sources */ = {isa = PBXBuildFile; fileRef = 4DF23373237C5FA900DE49D7 /* AppDelegate.swift */; };
		4DF23376237C5FA900DE49D7 /* SceneDelegate.swift in Sources */ = {isa = PBXBuildFile; fileRef = 4DF23375237C5FA900DE49D7 /* SceneDelegate.swift */; };
		4DF23378237C5FA900DE49D7 /* HomeViewController.swift in Sources */ = {isa = PBXBuildFile; fileRef = 4DF23377237C5FA900DE49D7 /* HomeViewController.swift */; };
		4DF2337A237C5FA900DE49D7 /* HistoryViewController.swift in Sources */ = {isa = PBXBuildFile; fileRef = 4DF23379237C5FA900DE49D7 /* HistoryViewController.swift */; };
		4DF2337D237C5FA900DE49D7 /* Main.storyboard in Resources */ = {isa = PBXBuildFile; fileRef = 4DF2337B237C5FA900DE49D7 /* Main.storyboard */; };
		4DF2337F237C5FAB00DE49D7 /* Assets.xcassets in Resources */ = {isa = PBXBuildFile; fileRef = 4DF2337E237C5FAB00DE49D7 /* Assets.xcassets */; };
		4DF23382237C5FAB00DE49D7 /* LaunchScreen.storyboard in Resources */ = {isa = PBXBuildFile; fileRef = 4DF23380237C5FAB00DE49D7 /* LaunchScreen.storyboard */; };
		4DF2338C237C602500DE49D7 /* PlantOverviewTableViewCell.swift in Sources */ = {isa = PBXBuildFile; fileRef = 4DF2338A237C602500DE49D7 /* PlantOverviewTableViewCell.swift */; };
		4DF2338D237C602500DE49D7 /* PlantOverviewTableViewCell.xib in Resources */ = {isa = PBXBuildFile; fileRef = 4DF2338B237C602500DE49D7 /* PlantOverviewTableViewCell.xib */; };
		4DF23390237C673F00DE49D7 /* Plant.swift in Sources */ = {isa = PBXBuildFile; fileRef = 4DF2338F237C673F00DE49D7 /* Plant.swift */; };
		4DF23392237C6B1E00DE49D7 /* User.swift in Sources */ = {isa = PBXBuildFile; fileRef = 4DF23391237C6B1E00DE49D7 /* User.swift */; };
		4DF23394237C6B4B00DE49D7 /* Measurement.swift in Sources */ = {isa = PBXBuildFile; fileRef = 4DF23393237C6B4B00DE49D7 /* Measurement.swift */; };
		A18869E3CA2F30C9B4334A3F /* Pods_SmartPlantPot.framework in Frameworks */ = {isa = PBXBuildFile; fileRef = 18502960862C0B9C929597A7 /* Pods_SmartPlantPot.framework */; };
/* End PBXBuildFile section */

/* Begin PBXFileReference section */
		0360B7C5A609A6C0FAA46CC7 /* Pods-SmartPot.debug.xcconfig */ = {isa = PBXFileReference; includeInIndex = 1; lastKnownFileType = text.xcconfig; name = "Pods-SmartPot.debug.xcconfig"; path = "Target Support Files/Pods-SmartPot/Pods-SmartPot.debug.xcconfig"; sourceTree = "<group>"; };
		18502960862C0B9C929597A7 /* Pods_SmartPlantPot.framework */ = {isa = PBXFileReference; explicitFileType = wrapper.framework; includeInIndex = 0; path = Pods_SmartPlantPot.framework; sourceTree = BUILT_PRODUCTS_DIR; };
		4012328A8F1582D4678CDD4B /* Pods-SmartPot.release.xcconfig */ = {isa = PBXFileReference; includeInIndex = 1; lastKnownFileType = text.xcconfig; name = "Pods-SmartPot.release.xcconfig"; path = "Target Support Files/Pods-SmartPot/Pods-SmartPot.release.xcconfig"; sourceTree = "<group>"; };
		4D0AD47823BE9B1F00C8A8B6 /* NetworkManager.swift */ = {isa = PBXFileReference; lastKnownFileType = sourcecode.swift; path = NetworkManager.swift; sourceTree = "<group>"; };
		4D0AD47A23BFCC0300C8A8B6 /* Toast.swift */ = {isa = PBXFileReference; lastKnownFileType = sourcecode.swift; path = Toast.swift; sourceTree = "<group>"; };
		4D10355B237D76C4004AD267 /* HomePageResponse.swift */ = {isa = PBXFileReference; lastKnownFileType = sourcecode.swift; path = HomePageResponse.swift; sourceTree = "<group>"; };
		4D10355D237D771D004AD267 /* homepage_example_response.json */ = {isa = PBXFileReference; fileEncoding = 4; lastKnownFileType = text.json; path = homepage_example_response.json; sourceTree = "<group>"; };
		4D32C7C823AFB48300843144 /* detailpage_example_response.json */ = {isa = PBXFileReference; fileEncoding = 4; lastKnownFileType = text.json; path = detailpage_example_response.json; sourceTree = "<group>"; };
		4D8BF62823912162008D9EE8 /* ChartTableViewCell.swift */ = {isa = PBXFileReference; lastKnownFileType = sourcecode.swift; path = ChartTableViewCell.swift; sourceTree = "<group>"; };
		4D8BF62923912162008D9EE8 /* ChartTableViewCell.xib */ = {isa = PBXFileReference; lastKnownFileType = file.xib; path = ChartTableViewCell.xib; sourceTree = "<group>"; };
		4D8BF62C239133E3008D9EE8 /* history_example_response.json */ = {isa = PBXFileReference; fileEncoding = 4; lastKnownFileType = text.json; path = history_example_response.json; sourceTree = "<group>"; };
		4D8BF62E2391344D008D9EE8 /* HistoryResponse.swift */ = {isa = PBXFileReference; lastKnownFileType = sourcecode.swift; path = HistoryResponse.swift; sourceTree = "<group>"; };
		4D8BF630239138C9008D9EE8 /* ChartTimeFormatter.swift */ = {isa = PBXFileReference; lastKnownFileType = sourcecode.swift; path = ChartTimeFormatter.swift; sourceTree = "<group>"; };
		4D90ED14238435AD008CAD78 /* UIColor+Additions.swift */ = {isa = PBXFileReference; fileEncoding = 4; lastKnownFileType = sourcecode.swift; path = "UIColor+Additions.swift"; sourceTree = "<group>"; };
		4DA6F74723D4913D0035F503 /* EditPlantFormViewController.swift */ = {isa = PBXFileReference; lastKnownFileType = sourcecode.swift; path = EditPlantFormViewController.swift; sourceTree = "<group>"; };
		4DCA5B6523AFAEC900B169A4 /* DetailViewController.swift */ = {isa = PBXFileReference; lastKnownFileType = sourcecode.swift; path = DetailViewController.swift; sourceTree = "<group>"; };
		4DCA5B6723AFAF9200B169A4 /* DetailPageResponse.swift */ = {isa = PBXFileReference; lastKnownFileType = sourcecode.swift; path = DetailPageResponse.swift; sourceTree = "<group>"; };
		4DF23370237C5FA900DE49D7 /* Smart Plant Pot.app */ = {isa = PBXFileReference; explicitFileType = wrapper.application; includeInIndex = 0; path = "Smart Plant Pot.app"; sourceTree = BUILT_PRODUCTS_DIR; };
		4DF23373237C5FA900DE49D7 /* AppDelegate.swift */ = {isa = PBXFileReference; lastKnownFileType = sourcecode.swift; path = AppDelegate.swift; sourceTree = "<group>"; };
		4DF23375237C5FA900DE49D7 /* SceneDelegate.swift */ = {isa = PBXFileReference; lastKnownFileType = sourcecode.swift; path = SceneDelegate.swift; sourceTree = "<group>"; };
		4DF23377237C5FA900DE49D7 /* HomeViewController.swift */ = {isa = PBXFileReference; lastKnownFileType = sourcecode.swift; path = HomeViewController.swift; sourceTree = "<group>"; };
		4DF23379237C5FA900DE49D7 /* HistoryViewController.swift */ = {isa = PBXFileReference; lastKnownFileType = sourcecode.swift; path = HistoryViewController.swift; sourceTree = "<group>"; };
		4DF2337C237C5FA900DE49D7 /* Base */ = {isa = PBXFileReference; lastKnownFileType = file.storyboard; name = Base; path = Base.lproj/Main.storyboard; sourceTree = "<group>"; };
		4DF2337E237C5FAB00DE49D7 /* Assets.xcassets */ = {isa = PBXFileReference; lastKnownFileType = folder.assetcatalog; path = Assets.xcassets; sourceTree = "<group>"; };
		4DF23381237C5FAB00DE49D7 /* Base */ = {isa = PBXFileReference; lastKnownFileType = file.storyboard; name = Base; path = Base.lproj/LaunchScreen.storyboard; sourceTree = "<group>"; };
		4DF23383237C5FAB00DE49D7 /* Info.plist */ = {isa = PBXFileReference; lastKnownFileType = text.plist.xml; path = Info.plist; sourceTree = "<group>"; };
		4DF2338A237C602500DE49D7 /* PlantOverviewTableViewCell.swift */ = {isa = PBXFileReference; lastKnownFileType = sourcecode.swift; path = PlantOverviewTableViewCell.swift; sourceTree = "<group>"; };
		4DF2338B237C602500DE49D7 /* PlantOverviewTableViewCell.xib */ = {isa = PBXFileReference; lastKnownFileType = file.xib; path = PlantOverviewTableViewCell.xib; sourceTree = "<group>"; };
		4DF2338F237C673F00DE49D7 /* Plant.swift */ = {isa = PBXFileReference; lastKnownFileType = sourcecode.swift; path = Plant.swift; sourceTree = "<group>"; };
		4DF23391237C6B1E00DE49D7 /* User.swift */ = {isa = PBXFileReference; lastKnownFileType = sourcecode.swift; path = User.swift; sourceTree = "<group>"; };
		4DF23393237C6B4B00DE49D7 /* Measurement.swift */ = {isa = PBXFileReference; lastKnownFileType = sourcecode.swift; path = Measurement.swift; sourceTree = "<group>"; };
		F4DF4BD8903EECBEB29EA150 /* Pods-SmartPlantPot.debug.xcconfig */ = {isa = PBXFileReference; includeInIndex = 1; lastKnownFileType = text.xcconfig; name = "Pods-SmartPlantPot.debug.xcconfig"; path = "Target Support Files/Pods-SmartPlantPot/Pods-SmartPlantPot.debug.xcconfig"; sourceTree = "<group>"; };
		FBA41CB4FB8DAE378F1BD665 /* Pods-SmartPlantPot.release.xcconfig */ = {isa = PBXFileReference; includeInIndex = 1; lastKnownFileType = text.xcconfig; name = "Pods-SmartPlantPot.release.xcconfig"; path = "Target Support Files/Pods-SmartPlantPot/Pods-SmartPlantPot.release.xcconfig"; sourceTree = "<group>"; };
/* End PBXFileReference section */

/* Begin PBXFrameworksBuildPhase section */
		4DF2336D237C5FA900DE49D7 /* Frameworks */ = {
			isa = PBXFrameworksBuildPhase;
			buildActionMask = 2147483647;
			files = (
				A18869E3CA2F30C9B4334A3F /* Pods_SmartPlantPot.framework in Frameworks */,
			);
			runOnlyForDeploymentPostprocessing = 0;
		};
/* End PBXFrameworksBuildPhase section */

/* Begin PBXGroup section */
		4D10355A237D76B4004AD267 /* Testing */ = {
			isa = PBXGroup;
			children = (
				4D8BF62C239133E3008D9EE8 /* history_example_response.json */,
				4D10355D237D771D004AD267 /* homepage_example_response.json */,
				4D32C7C823AFB48300843144 /* detailpage_example_response.json */,
				4D8BF630239138C9008D9EE8 /* ChartTimeFormatter.swift */,
			);
			path = Testing;
			sourceTree = "<group>";
		};
		4DCA5B6223AFA95700B169A4 /* Extensions */ = {
			isa = PBXGroup;
			children = (
				4D90ED14238435AD008CAD78 /* UIColor+Additions.swift */,
			);
			path = Extensions;
			sourceTree = "<group>";
		};
		4DDB6C9E23C0AE390047DC3D /* Manager */ = {
			isa = PBXGroup;
			children = (
				4D0AD47823BE9B1F00C8A8B6 /* NetworkManager.swift */,
			);
			path = Manager;
			sourceTree = "<group>";
		};
		4DF23367237C5FA900DE49D7 = {
			isa = PBXGroup;
			children = (
				4DF23372237C5FA900DE49D7 /* SmartPot */,
				4DF23371237C5FA900DE49D7 /* Products */,
				F0162A3EAB95C27073437181 /* Pods */,
				D55F086ADE560F4F56B9984A /* Frameworks */,
			);
			sourceTree = "<group>";
		};
		4DF23371237C5FA900DE49D7 /* Products */ = {
			isa = PBXGroup;
			children = (
				4DF23370237C5FA900DE49D7 /* Smart Plant Pot.app */,
			);
			name = Products;
			sourceTree = "<group>";
		};
		4DF23372237C5FA900DE49D7 /* SmartPot */ = {
			isa = PBXGroup;
			children = (
				4DDB6C9E23C0AE390047DC3D /* Manager */,
				4DCA5B6223AFA95700B169A4 /* Extensions */,
				4D10355A237D76B4004AD267 /* Testing */,
				4DF2338E237C673100DE49D7 /* Models */,
				4DF23389237C5FFF00DE49D7 /* TableViewCells */,
				4DF23373237C5FA900DE49D7 /* AppDelegate.swift */,
				4DF23375237C5FA900DE49D7 /* SceneDelegate.swift */,
				4DF23377237C5FA900DE49D7 /* HomeViewController.swift */,
				4DCA5B6523AFAEC900B169A4 /* DetailViewController.swift */,
				4DA6F74723D4913D0035F503 /* EditPlantFormViewController.swift */,
				4DF23379237C5FA900DE49D7 /* HistoryViewController.swift */,
				4DF2337B237C5FA900DE49D7 /* Main.storyboard */,
				4DF2337E237C5FAB00DE49D7 /* Assets.xcassets */,
				4DF23380237C5FAB00DE49D7 /* LaunchScreen.storyboard */,
				4DF23383237C5FAB00DE49D7 /* Info.plist */,
				4D0AD47A23BFCC0300C8A8B6 /* Toast.swift */,
			);
			path = SmartPot;
			sourceTree = "<group>";
		};
		4DF23389237C5FFF00DE49D7 /* TableViewCells */ = {
			isa = PBXGroup;
			children = (
				4DF2338A237C602500DE49D7 /* PlantOverviewTableViewCell.swift */,
				4DF2338B237C602500DE49D7 /* PlantOverviewTableViewCell.xib */,
				4D8BF62823912162008D9EE8 /* ChartTableViewCell.swift */,
				4D8BF62923912162008D9EE8 /* ChartTableViewCell.xib */,
			);
			path = TableViewCells;
			sourceTree = "<group>";
		};
		4DF2338E237C673100DE49D7 /* Models */ = {
			isa = PBXGroup;
			children = (
				4DF2338F237C673F00DE49D7 /* Plant.swift */,
				4DF23391237C6B1E00DE49D7 /* User.swift */,
				4DF23393237C6B4B00DE49D7 /* Measurement.swift */,
				4D10355B237D76C4004AD267 /* HomePageResponse.swift */,
				4D8BF62E2391344D008D9EE8 /* HistoryResponse.swift */,
				4DCA5B6723AFAF9200B169A4 /* DetailPageResponse.swift */,
			);
			path = Models;
			sourceTree = "<group>";
		};
		D55F086ADE560F4F56B9984A /* Frameworks */ = {
			isa = PBXGroup;
			children = (
				18502960862C0B9C929597A7 /* Pods_SmartPlantPot.framework */,
			);
			name = Frameworks;
			sourceTree = "<group>";
		};
		F0162A3EAB95C27073437181 /* Pods */ = {
			isa = PBXGroup;
			children = (
				0360B7C5A609A6C0FAA46CC7 /* Pods-SmartPot.debug.xcconfig */,
				4012328A8F1582D4678CDD4B /* Pods-SmartPot.release.xcconfig */,
				F4DF4BD8903EECBEB29EA150 /* Pods-SmartPlantPot.debug.xcconfig */,
				FBA41CB4FB8DAE378F1BD665 /* Pods-SmartPlantPot.release.xcconfig */,
			);
			path = Pods;
			sourceTree = "<group>";
		};
/* End PBXGroup section */

/* Begin PBXNativeTarget section */
		4DF2336F237C5FA900DE49D7 /* SmartPlantPot */ = {
			isa = PBXNativeTarget;
			buildConfigurationList = 4DF23386237C5FAB00DE49D7 /* Build configuration list for PBXNativeTarget "SmartPlantPot" */;
			buildPhases = (
				72FFD010A61CE96BFA930A7C /* [CP] Check Pods Manifest.lock */,
				4DF2336C237C5FA900DE49D7 /* Sources */,
				4DF2336D237C5FA900DE49D7 /* Frameworks */,
				4DF2336E237C5FA900DE49D7 /* Resources */,
				DF24889B8642A8215C976E0A /* [CP] Embed Pods Frameworks */,
			);
			buildRules = (
			);
			dependencies = (
			);
			name = SmartPlantPot;
			productName = SmartPot;
			productReference = 4DF23370237C5FA900DE49D7 /* Smart Plant Pot.app */;
			productType = "com.apple.product-type.application";
		};
/* End PBXNativeTarget section */

/* Begin PBXProject section */
		4DF23368237C5FA900DE49D7 /* Project object */ = {
			isa = PBXProject;
			attributes = {
				LastSwiftUpdateCheck = 1110;
				LastUpgradeCheck = 1110;
				ORGANIZATIONNAME = Mark;
				TargetAttributes = {
					4DF2336F237C5FA900DE49D7 = {
						CreatedOnToolsVersion = 11.1;
					};
				};
			};
			buildConfigurationList = 4DF2336B237C5FA900DE49D7 /* Build configuration list for PBXProject "SmartPlantPot" */;
			compatibilityVersion = "Xcode 9.3";
			developmentRegion = en;
			hasScannedForEncodings = 0;
			knownRegions = (
				en,
				Base,
			);
			mainGroup = 4DF23367237C5FA900DE49D7;
			productRefGroup = 4DF23371237C5FA900DE49D7 /* Products */;
			projectDirPath = "";
			projectRoot = "";
			targets = (
				4DF2336F237C5FA900DE49D7 /* SmartPlantPot */,
			);
		};
/* End PBXProject section */

/* Begin PBXResourcesBuildPhase section */
		4DF2336E237C5FA900DE49D7 /* Resources */ = {
			isa = PBXResourcesBuildPhase;
			buildActionMask = 2147483647;
			files = (
				4DF23382237C5FAB00DE49D7 /* LaunchScreen.storyboard in Resources */,
				4DF2337F237C5FAB00DE49D7 /* Assets.xcassets in Resources */,
				4D32C7C923AFB48300843144 /* detailpage_example_response.json in Resources */,
				4D8BF62B23912162008D9EE8 /* ChartTableViewCell.xib in Resources */,
				4D10355E237D771D004AD267 /* homepage_example_response.json in Resources */,
				4D8BF62D239133E3008D9EE8 /* history_example_response.json in Resources */,
				4DF2338D237C602500DE49D7 /* PlantOverviewTableViewCell.xib in Resources */,
				4DF2337D237C5FA900DE49D7 /* Main.storyboard in Resources */,
			);
			runOnlyForDeploymentPostprocessing = 0;
		};
/* End PBXResourcesBuildPhase section */

/* Begin PBXShellScriptBuildPhase section */
		72FFD010A61CE96BFA930A7C /* [CP] Check Pods Manifest.lock */ = {
			isa = PBXShellScriptBuildPhase;
			buildActionMask = 2147483647;
			files = (
			);
			inputFileListPaths = (
			);
			inputPaths = (
				"${PODS_PODFILE_DIR_PATH}/Podfile.lock",
				"${PODS_ROOT}/Manifest.lock",
			);
			name = "[CP] Check Pods Manifest.lock";
			outputFileListPaths = (
			);
			outputPaths = (
				"$(DERIVED_FILE_DIR)/Pods-SmartPlantPot-checkManifestLockResult.txt",
			);
			runOnlyForDeploymentPostprocessing = 0;
			shellPath = /bin/sh;
			shellScript = "diff \"${PODS_PODFILE_DIR_PATH}/Podfile.lock\" \"${PODS_ROOT}/Manifest.lock\" > /dev/null\nif [ $? != 0 ] ; then\n    # print error to STDERR\n    echo \"error: The sandbox is not in sync with the Podfile.lock. Run 'pod install' or update your CocoaPods installation.\" >&2\n    exit 1\nfi\n# This output is used by Xcode 'outputs' to avoid re-running this script phase.\necho \"SUCCESS\" > \"${SCRIPT_OUTPUT_FILE_0}\"\n";
			showEnvVarsInLog = 0;
		};
		DF24889B8642A8215C976E0A /* [CP] Embed Pods Frameworks */ = {
			isa = PBXShellScriptBuildPhase;
			buildActionMask = 2147483647;
			files = (
			);
			inputFileListPaths = (
				"${PODS_ROOT}/Target Support Files/Pods-SmartPlantPot/Pods-SmartPlantPot-frameworks-${CONFIGURATION}-input-files.xcfilelist",
			);
			name = "[CP] Embed Pods Frameworks";
			outputFileListPaths = (
				"${PODS_ROOT}/Target Support Files/Pods-SmartPlantPot/Pods-SmartPlantPot-frameworks-${CONFIGURATION}-output-files.xcfilelist",
			);
			runOnlyForDeploymentPostprocessing = 0;
			shellPath = /bin/sh;
			shellScript = "\"${PODS_ROOT}/Target Support Files/Pods-SmartPlantPot/Pods-SmartPlantPot-frameworks.sh\"\n";
			showEnvVarsInLog = 0;
		};
/* End PBXShellScriptBuildPhase section */

/* Begin PBXSourcesBuildPhase section */
		4DF2336C237C5FA900DE49D7 /* Sources */ = {
			isa = PBXSourcesBuildPhase;
			buildActionMask = 2147483647;
			files = (
				4D8BF62A23912162008D9EE8 /* ChartTableViewCell.swift in Sources */,
				4DF2337A237C5FA900DE49D7 /* HistoryViewController.swift in Sources */,
				4D0AD47923BE9B1F00C8A8B6 /* NetworkManager.swift in Sources */,
				4DF23390237C673F00DE49D7 /* Plant.swift in Sources */,
				4D10355C237D76C4004AD267 /* HomePageResponse.swift in Sources */,
				4D8BF62F2391344D008D9EE8 /* HistoryResponse.swift in Sources */,
				4DF23394237C6B4B00DE49D7 /* Measurement.swift in Sources */,
				4DA6F74823D4913D0035F503 /* EditPlantFormViewController.swift in Sources */,
				4D0AD47B23BFCC0300C8A8B6 /* Toast.swift in Sources */,
				4DCA5B6623AFAEC900B169A4 /* DetailViewController.swift in Sources */,
				4DF23378237C5FA900DE49D7 /* HomeViewController.swift in Sources */,
				4D90ED15238435AD008CAD78 /* UIColor+Additions.swift in Sources */,
				4DF2338C237C602500DE49D7 /* PlantOverviewTableViewCell.swift in Sources */,
				4DF23374237C5FA900DE49D7 /* AppDelegate.swift in Sources */,
				4DF23376237C5FA900DE49D7 /* SceneDelegate.swift in Sources */,
				4DCA5B6823AFAF9200B169A4 /* DetailPageResponse.swift in Sources */,
				4D8BF631239138C9008D9EE8 /* ChartTimeFormatter.swift in Sources */,
				4DF23392237C6B1E00DE49D7 /* User.swift in Sources */,
			);
			runOnlyForDeploymentPostprocessing = 0;
		};
/* End PBXSourcesBuildPhase section */

/* Begin PBXVariantGroup section */
		4DF2337B237C5FA900DE49D7 /* Main.storyboard */ = {
			isa = PBXVariantGroup;
			children = (
				4DF2337C237C5FA900DE49D7 /* Base */,
			);
			name = Main.storyboard;
			sourceTree = "<group>";
		};
		4DF23380237C5FAB00DE49D7 /* LaunchScreen.storyboard */ = {
			isa = PBXVariantGroup;
			children = (
				4DF23381237C5FAB00DE49D7 /* Base */,
			);
			name = LaunchScreen.storyboard;
			sourceTree = "<group>";
		};
/* End PBXVariantGroup section */

/* Begin XCBuildConfiguration section */
		4DF23384237C5FAB00DE49D7 /* Debug */ = {
			isa = XCBuildConfiguration;
			buildSettings = {
				ALWAYS_SEARCH_USER_PATHS = NO;
				CLANG_ANALYZER_NONNULL = YES;
				CLANG_ANALYZER_NUMBER_OBJECT_CONVERSION = YES_AGGRESSIVE;
				CLANG_CXX_LANGUAGE_STANDARD = "gnu++14";
				CLANG_CXX_LIBRARY = "libc++";
				CLANG_ENABLE_MODULES = YES;
				CLANG_ENABLE_OBJC_ARC = YES;
				CLANG_ENABLE_OBJC_WEAK = YES;
				CLANG_WARN_BLOCK_CAPTURE_AUTORELEASING = YES;
				CLANG_WARN_BOOL_CONVERSION = YES;
				CLANG_WARN_COMMA = YES;
				CLANG_WARN_CONSTANT_CONVERSION = YES;
				CLANG_WARN_DEPRECATED_OBJC_IMPLEMENTATIONS = YES;
				CLANG_WARN_DIRECT_OBJC_ISA_USAGE = YES_ERROR;
				CLANG_WARN_DOCUMENTATION_COMMENTS = YES;
				CLANG_WARN_EMPTY_BODY = YES;
				CLANG_WARN_ENUM_CONVERSION = YES;
				CLANG_WARN_INFINITE_RECURSION = YES;
				CLANG_WARN_INT_CONVERSION = YES;
				CLANG_WARN_NON_LITERAL_NULL_CONVERSION = YES;
				CLANG_WARN_OBJC_IMPLICIT_RETAIN_SELF = YES;
				CLANG_WARN_OBJC_LITERAL_CONVERSION = YES;
				CLANG_WARN_OBJC_ROOT_CLASS = YES_ERROR;
				CLANG_WARN_RANGE_LOOP_ANALYSIS = YES;
				CLANG_WARN_STRICT_PROTOTYPES = YES;
				CLANG_WARN_SUSPICIOUS_MOVE = YES;
				CLANG_WARN_UNGUARDED_AVAILABILITY = YES_AGGRESSIVE;
				CLANG_WARN_UNREACHABLE_CODE = YES;
				CLANG_WARN__DUPLICATE_METHOD_MATCH = YES;
				COPY_PHASE_STRIP = NO;
				DEBUG_INFORMATION_FORMAT = dwarf;
				ENABLE_STRICT_OBJC_MSGSEND = YES;
				ENABLE_TESTABILITY = YES;
				GCC_C_LANGUAGE_STANDARD = gnu11;
				GCC_DYNAMIC_NO_PIC = NO;
				GCC_NO_COMMON_BLOCKS = YES;
				GCC_OPTIMIZATION_LEVEL = 0;
				GCC_PREPROCESSOR_DEFINITIONS = (
					"DEBUG=1",
					"$(inherited)",
				);
				GCC_WARN_64_TO_32_BIT_CONVERSION = YES;
				GCC_WARN_ABOUT_RETURN_TYPE = YES_ERROR;
				GCC_WARN_UNDECLARED_SELECTOR = YES;
				GCC_WARN_UNINITIALIZED_AUTOS = YES_AGGRESSIVE;
				GCC_WARN_UNUSED_FUNCTION = YES;
				GCC_WARN_UNUSED_VARIABLE = YES;
				IPHONEOS_DEPLOYMENT_TARGET = 13.1;
				MTL_ENABLE_DEBUG_INFO = INCLUDE_SOURCE;
				MTL_FAST_MATH = YES;
				ONLY_ACTIVE_ARCH = YES;
				SDKROOT = iphoneos;
				SWIFT_ACTIVE_COMPILATION_CONDITIONS = DEBUG;
				SWIFT_OPTIMIZATION_LEVEL = "-Onone";
			};
			name = Debug;
		};
		4DF23385237C5FAB00DE49D7 /* Release */ = {
			isa = XCBuildConfiguration;
			buildSettings = {
				ALWAYS_SEARCH_USER_PATHS = NO;
				CLANG_ANALYZER_NONNULL = YES;
				CLANG_ANALYZER_NUMBER_OBJECT_CONVERSION = YES_AGGRESSIVE;
				CLANG_CXX_LANGUAGE_STANDARD = "gnu++14";
				CLANG_CXX_LIBRARY = "libc++";
				CLANG_ENABLE_MODULES = YES;
				CLANG_ENABLE_OBJC_ARC = YES;
				CLANG_ENABLE_OBJC_WEAK = YES;
				CLANG_WARN_BLOCK_CAPTURE_AUTORELEASING = YES;
				CLANG_WARN_BOOL_CONVERSION = YES;
				CLANG_WARN_COMMA = YES;
				CLANG_WARN_CONSTANT_CONVERSION = YES;
				CLANG_WARN_DEPRECATED_OBJC_IMPLEMENTATIONS = YES;
				CLANG_WARN_DIRECT_OBJC_ISA_USAGE = YES_ERROR;
				CLANG_WARN_DOCUMENTATION_COMMENTS = YES;
				CLANG_WARN_EMPTY_BODY = YES;
				CLANG_WARN_ENUM_CONVERSION = YES;
				CLANG_WARN_INFINITE_RECURSION = YES;
				CLANG_WARN_INT_CONVERSION = YES;
				CLANG_WARN_NON_LITERAL_NULL_CONVERSION = YES;
				CLANG_WARN_OBJC_IMPLICIT_RETAIN_SELF = YES;
				CLANG_WARN_OBJC_LITERAL_CONVERSION = YES;
				CLANG_WARN_OBJC_ROOT_CLASS = YES_ERROR;
				CLANG_WARN_RANGE_LOOP_ANALYSIS = YES;
				CLANG_WARN_STRICT_PROTOTYPES = YES;
				CLANG_WARN_SUSPICIOUS_MOVE = YES;
				CLANG_WARN_UNGUARDED_AVAILABILITY = YES_AGGRESSIVE;
				CLANG_WARN_UNREACHABLE_CODE = YES;
				CLANG_WARN__DUPLICATE_METHOD_MATCH = YES;
				COPY_PHASE_STRIP = NO;
				DEBUG_INFORMATION_FORMAT = "dwarf-with-dsym";
				ENABLE_NS_ASSERTIONS = NO;
				ENABLE_STRICT_OBJC_MSGSEND = YES;
				GCC_C_LANGUAGE_STANDARD = gnu11;
				GCC_NO_COMMON_BLOCKS = YES;
				GCC_WARN_64_TO_32_BIT_CONVERSION = YES;
				GCC_WARN_ABOUT_RETURN_TYPE = YES_ERROR;
				GCC_WARN_UNDECLARED_SELECTOR = YES;
				GCC_WARN_UNINITIALIZED_AUTOS = YES_AGGRESSIVE;
				GCC_WARN_UNUSED_FUNCTION = YES;
				GCC_WARN_UNUSED_VARIABLE = YES;
				IPHONEOS_DEPLOYMENT_TARGET = 13.1;
				MTL_ENABLE_DEBUG_INFO = NO;
				MTL_FAST_MATH = YES;
				SDKROOT = iphoneos;
				SWIFT_COMPILATION_MODE = wholemodule;
				SWIFT_OPTIMIZATION_LEVEL = "-O";
				VALIDATE_PRODUCT = YES;
			};
			name = Release;
		};
		4DF23387237C5FAB00DE49D7 /* Debug */ = {
			isa = XCBuildConfiguration;
			baseConfigurationReference = F4DF4BD8903EECBEB29EA150 /* Pods-SmartPlantPot.debug.xcconfig */;
			buildSettings = {
				ASSETCATALOG_COMPILER_APPICON_NAME = AppIcon;
				CODE_SIGN_STYLE = Automatic;
				DEVELOPMENT_TEAM = 44GSE3RUH5;
				INFOPLIST_FILE = SmartPot/Info.plist;
				IPHONEOS_DEPLOYMENT_TARGET = 13.0;
				LD_RUNPATH_SEARCH_PATHS = (
					"$(inherited)",
					"@executable_path/Frameworks",
				);
				PRODUCT_BUNDLE_IDENTIFIER = at.tu.vienna.fot.SmartPlantPot;
				PRODUCT_NAME = "Smart Plant Pot";
				SWIFT_VERSION = 5.0;
				TARGETED_DEVICE_FAMILY = 1;
			};
			name = Debug;
		};
		4DF23388237C5FAB00DE49D7 /* Release */ = {
			isa = XCBuildConfiguration;
			baseConfigurationReference = FBA41CB4FB8DAE378F1BD665 /* Pods-SmartPlantPot.release.xcconfig */;
			buildSettings = {
				ASSETCATALOG_COMPILER_APPICON_NAME = AppIcon;
				CODE_SIGN_STYLE = Automatic;
				DEVELOPMENT_TEAM = 44GSE3RUH5;
				INFOPLIST_FILE = SmartPot/Info.plist;
				IPHONEOS_DEPLOYMENT_TARGET = 13.0;
				LD_RUNPATH_SEARCH_PATHS = (
					"$(inherited)",
					"@executable_path/Frameworks",
				);
				PRODUCT_BUNDLE_IDENTIFIER = at.tu.vienna.fot.SmartPlantPot;
				PRODUCT_NAME = "Smart Plant Pot";
				SWIFT_VERSION = 5.0;
				TARGETED_DEVICE_FAMILY = 1;
			};
			name = Release;
		};
/* End XCBuildConfiguration section */

/* Begin XCConfigurationList section */
		4DF2336B237C5FA900DE49D7 /* Build configuration list for PBXProject "SmartPlantPot" */ = {
			isa = XCConfigurationList;
			buildConfigurations = (
				4DF23384237C5FAB00DE49D7 /* Debug */,
				4DF23385237C5FAB00DE49D7 /* Release */,
			);
			defaultConfigurationIsVisible = 0;
			defaultConfigurationName = Release;
		};
		4DF23386237C5FAB00DE49D7 /* Build configuration list for PBXNativeTarget "SmartPlantPot" */ = {
			isa = XCConfigurationList;
			buildConfigurations = (
				4DF23387237C5FAB00DE49D7 /* Debug */,
				4DF23388237C5FAB00DE49D7 /* Release */,
			);
			defaultConfigurationIsVisible = 0;
			defaultConfigurationName = Release;
		};
/* End XCConfigurationList section */
	};
	rootObject = 4DF23368237C5FA900DE49D7 /* Project object */;
}
