PODS:
  - Alamofire (4.9.1)
  - AlamofireImage (3.6.0):
    - Alamofire (~> 4.9)
  - Charts (3.4.0):
    - Charts/Core (= 3.4.0)
  - Charts/Core (3.4.0)
  - Eureka (5.1.0)
  - Segmentio (4.1)

DEPENDENCIES:
  - Alamofire (~> 4.8)
  - AlamofireImage (~> 3.5)
  - Charts
  - Eureka
  - Segmentio

SPEC REPOS:
  trunk:
    - Alamofire
    - AlamofireImage
    - Charts
    - Eureka
    - Segmentio

SPEC CHECKSUMS:
  Alamofire: 85e8a02c69d6020a0d734f6054870d7ecb75cf18
  AlamofireImage: be9963c6582d68b39e89191f64c82a7d7bf40fdd
  Charts: 74c9f256eaf0460c0c416522d1cf8c634ea6b286
  Eureka: 18a5076dcf0c41f9cd9748aa1c42f4d11434bdae
  Segmentio: ab29def64e1bff6e6e9b97671788a99bed3f1d9f

PODFILE CHECKSUM: 48eb4bf1b70e2a5cd2e309752a34cf4d79f42338

COCOAPODS: 1.8.4
